{
  "name": "@omegion1npm/voluptatum-eligendi-dolor-architecto",
  "version": "1.0.0",
  "lockfileVersion": 3,
  "requires": true,
  "packages": {
    "": {
      "name": "@omegion1npm/voluptatum-eligendi-dolor-architecto",
      "version": "1.0.0",
      "license": "MIT",
      "dependencies": {
        "@omegion1npm/ab-consequuntur-illum-architecto": "^1.0.0",
        "@omegion1npm/consequatur-vitae-aperiam-sed": "^1.0.0",
        "@omegion1npm/delectus-fuga-libero-facere": "^1.0.0",
        "@omegion1npm/distinctio-dignissimos-consequatur-occaecati": "^1.0.0",
        "@omegion1npm/eligendi-harum-porro-numquam": "^1.0.0",
        "@omegion1npm/eum-minus-vero-suscipit": "^1.0.0",
        "@omegion1npm/eveniet-temporibus-dignissimos-temporibus": "^1.0.0",
        "@omegion1npm/eveniet-ut-illum-veritatis": "^1.0.0",
        "@omegion1npm/explicabo-laborum-asperiores-culpa": "^1.0.0",
        "@omegion1npm/facere-ullam-excepturi-facilis": "^1.0.0",
        "@omegion1npm/harum-laudantium-doloribus-doloremque": "^1.0.0",
        "@omegion1npm/id-officiis-expedita-tempora": "^1.0.0",
        "@omegion1npm/in-nesciunt-sapiente-praesentium": "^1.0.0",
        "@omegion1npm/inventore-quibusdam-impedit-nulla": "^1.0.0",
        "@omegion1npm/itaque-distinctio-eligendi-earum": "^1.0.0",
        "@omegion1npm/minima-accusantium-illum-aperiam": "^1.0.0",
        "@omegion1npm/minima-odit-natus-accusamus": "^1.0.0",
        "@omegion1npm/mollitia-dolores-libero-neque": "^1.0.0",
        "@omegion1npm/nemo-tempore-cum-voluptas": "^1.0.0",
        "@omegion1npm/neque-quasi-nihil-alias": "^1.0.0",
        "@omegion1npm/odit-enim-cum-aliquid": "^1.0.0",
        "@omegion1npm/quia-non-illo-tempora": "^1.0.0",
        "@omegion1npm/quibusdam-facilis-nesciunt-inventore": "^1.0.0",
        "@omegion1npm/repudiandae-cupiditate-quibusdam-quis": "^1.0.0",
        "@omegion1npm/tempore-quidem-id-eaque": "^1.0.0"
      }
    },
    "node_modules/@omegion1npm/ab-consequuntur-illum-architecto": {
      "version": "1.0.0",
      "resolved": "https://registry.npmjs.org/@omegion1npm/ab-consequuntur-illum-architecto/-/ab-consequuntur-illum-architecto-1.0.0.tgz",
      "integrity": "sha512-s+7Ofr8K4oo8FVSToZlcMMzQ5LjhfwqCHE3J1WiOvjcXRhs3+INnkMeuQtG/xbNRi1rqvuWbWRZJzNSpwWmw0g==",
      "dependencies": {
        "@omegion1npm/eligendi-harum-porro-numquam": "^1.0.0",
        "@omegion1npm/eveniet-temporibus-dignissimos-temporibus": "^1.0.0",
        "@omegion1npm/facere-ullam-excepturi-facilis": "^1.0.0",
        "@zibuthe7j11/rem-minus-hic-ducimus": "^1.0.0"
      }
    },
    "node_modules/@omegion1npm/consequatur-vitae-aperiam-sed": {
      "version": "1.0.0",
      "resolved": "https://registry.npmjs.org/@omegion1npm/consequatur-vitae-aperiam-sed/-/consequatur-vitae-aperiam-sed-1.0.0.tgz",
      "integrity": "sha512-kRX1psKPcU0FymGTDOw6fBzcoJLYc2YTVeRqxoVSg0zqYotcuiL34oBg8kI1I+AgIfo7fs01ArKBA6QWsFPMow==",
      "dependencies": {
        "@omegion1npm/ab-consequuntur-illum-architecto": "^1.0.0",
        "@omegion1npm/delectus-fuga-libero-facere": "^1.0.0",
        "@omegion1npm/distinctio-dignissimos-consequatur-occaecati": "^1.0.0",
        "@omegion1npm/eligendi-harum-porro-numquam": "^1.0.0",
        "@omegion1npm/eum-minus-vero-suscipit": "^1.0.0",
        "@omegion1npm/eveniet-temporibus-dignissimos-temporibus": "^1.0.0",
        "@omegion1npm/explicabo-laborum-asperiores-culpa": "^1.0.0",
        "@omegion1npm/facere-ullam-excepturi-facilis": "^1.0.0",
        "@omegion1npm/harum-laudantium-doloribus-doloremque": "^1.0.0",
        "@omegion1npm/id-officiis-expedita-tempora": "^1.0.0",
        "@omegion1npm/in-nesciunt-sapiente-praesentium": "^1.0.0",
        "@omegion1npm/inventore-quibusdam-impedit-nulla": "^1.0.0",
        "@omegion1npm/itaque-distinctio-eligendi-earum": "^1.0.0",
        "@omegion1npm/nemo-tempore-cum-voluptas": "^1.0.0",
        "@omegion1npm/neque-quasi-nihil-alias": "^1.0.0",
        "@omegion1npm/odit-enim-cum-aliquid": "^1.0.0",
        "@omegion1npm/repudiandae-cupiditate-quibusdam-quis": "^1.0.0"
      }
    },
    "node_modules/@omegion1npm/delectus-fuga-libero-facere": {
      "version": "1.0.0",
      "resolved": "https://registry.npmjs.org/@omegion1npm/delectus-fuga-libero-facere/-/delectus-fuga-libero-facere-1.0.0.tgz",
      "integrity": "sha512-U2U8BMSdc757I5Axcp+yIi40n4huYnxTXeS4KybqMpFlnR/umZxDb5ydON+aiH/cBh3/qReWhkol9D37mkCvUQ==",
      "dependencies": {
        "@omegion1npm/ab-consequuntur-illum-architecto": "^1.0.0",
        "@omegion1npm/eligendi-harum-porro-numquam": "^1.0.0",
        "@omegion1npm/eveniet-temporibus-dignissimos-temporibus": "^1.0.0",
        "@omegion1npm/facere-ullam-excepturi-facilis": "^1.0.0",
        "@omegion1npm/nemo-tempore-cum-voluptas": "^1.0.0",
        "@omegion1npm/odit-enim-cum-aliquid": "^1.0.0",
        "@omegion1npm/repudiandae-cupiditate-quibusdam-quis": "^1.0.0"
      }
    },
    "node_modules/@omegion1npm/distinctio-dignissimos-consequatur-occaecati": {
      "version": "1.0.0",
      "resolved": "https://registry.npmjs.org/@omegion1npm/distinctio-dignissimos-consequatur-occaecati/-/distinctio-dignissimos-consequatur-occaecati-1.0.0.tgz",
      "integrity": "sha512-SvGuE3PXBpmou8EP1bbVq4m6QTgXXp0RfX84K5S+8O8IIl0fqjePnkURxAjVYPGkLk+FmvSWAY8wVGofP3bMmQ==",
      "dependencies": {
        "@omegion1npm/ab-consequuntur-illum-architecto": "^1.0.0",
        "@omegion1npm/delectus-fuga-libero-facere": "^1.0.0",
        "@omegion1npm/eligendi-harum-porro-numquam": "^1.0.0",
        "@omegion1npm/eum-minus-vero-suscipit": "^1.0.0",
        "@omegion1npm/eveniet-temporibus-dignissimos-temporibus": "^1.0.0",
        "@omegion1npm/explicabo-laborum-asperiores-culpa": "^1.0.0",
        "@omegion1npm/facere-ullam-excepturi-facilis": "^1.0.0",
        "@omegion1npm/harum-laudantium-doloribus-doloremque": "^1.0.0",
        "@omegion1npm/id-officiis-expedita-tempora": "^1.0.0",
        "@omegion1npm/in-nesciunt-sapiente-praesentium": "^1.0.0",
        "@omegion1npm/inventore-quibusdam-impedit-nulla": "^1.0.0",
        "@omegion1npm/nemo-tempore-cum-voluptas": "^1.0.0",
        "@omegion1npm/neque-quasi-nihil-alias": "^1.0.0",
        "@omegion1npm/odit-enim-cum-aliquid": "^1.0.0",
        "@omegion1npm/repudiandae-cupiditate-quibusdam-quis": "^1.0.0"
      }
    },
    "node_modules/@omegion1npm/eligendi-harum-porro-numquam": {
      "version": "1.0.0",
      "resolved": "https://registry.npmjs.org/@omegion1npm/eligendi-harum-porro-numquam/-/eligendi-harum-porro-numquam-1.0.0.tgz",
      "integrity": "sha512-kaNeeOrsY6zi1Z+YY4wDMefu4FCZpyHhjtGy2QGiDL5g2ziVr4YIOqjwFWRDqJzK8grZb9FXXX852DFUKt1TFw==",
      "dependencies": {
        "@zibuthe7j11/rem-minus-hic-ducimus": "^1.0.0"
      }
    },
    "node_modules/@omegion1npm/eum-minus-vero-suscipit": {
      "version": "1.0.0",
      "resolved": "https://registry.npmjs.org/@omegion1npm/eum-minus-vero-suscipit/-/eum-minus-vero-suscipit-1.0.0.tgz",
      "integrity": "sha512-gXCsSUUH0A639iO0/1NMLpmy34APuhLYo6MkYrzCqTdGifKJujfWhoz1MSKT/7BDyaQOFY6VBDgHnry8Iy0tbw==",
      "dependencies": {
        "@omegion1npm/ab-consequuntur-illum-architecto": "^1.0.0",
        "@omegion1npm/delectus-fuga-libero-facere": "^1.0.0",
        "@omegion1npm/eligendi-harum-porro-numquam": "^1.0.0",
        "@omegion1npm/eveniet-temporibus-dignissimos-temporibus": "^1.0.0",
        "@omegion1npm/facere-ullam-excepturi-facilis": "^1.0.0",
        "@omegion1npm/nemo-tempore-cum-voluptas": "^1.0.0",
        "@omegion1npm/odit-enim-cum-aliquid": "^1.0.0",
        "@omegion1npm/repudiandae-cupiditate-quibusdam-quis": "^1.0.0"
      }
    },
    "node_modules/@omegion1npm/eveniet-temporibus-dignissimos-temporibus": {
      "version": "1.0.0",
      "resolved": "https://registry.npmjs.org/@omegion1npm/eveniet-temporibus-dignissimos-temporibus/-/eveniet-temporibus-dignissimos-temporibus-1.0.0.tgz",
      "integrity": "sha512-5oocP3ADlyzKv5/qLLJ6/4whNFffizw9694EAbAyRO91aAl6wy7pIXgqarzDwXuBIa6DaNFzuZzXOjPDIf/TjQ==",
      "dependencies": {
        "@omegion1npm/eligendi-harum-porro-numquam": "^1.0.0",
        "@omegion1npm/facere-ullam-excepturi-facilis": "^1.0.0",
        "@zibuthe7j11/rem-minus-hic-ducimus": "^1.0.0"
      }
    },
    "node_modules/@omegion1npm/eveniet-ut-illum-veritatis": {
      "version": "1.0.0",
      "resolved": "https://registry.npmjs.org/@omegion1npm/eveniet-ut-illum-veritatis/-/eveniet-ut-illum-veritatis-1.0.0.tgz",
      "integrity": "sha512-InBpZppSAqzVVgkHn1Q7SZO6gVZFaktEQphM8rdbDn06l8yRB6z+WFEebL0vsbW8I+zKdhJ+/OuiXf7USLMoYg==",
      "dependencies": {
        "@omegion1npm/ab-consequuntur-illum-architecto": "^1.0.0",
        "@omegion1npm/consequatur-vitae-aperiam-sed": "^1.0.0",
        "@omegion1npm/delectus-fuga-libero-facere": "^1.0.0",
        "@omegion1npm/distinctio-dignissimos-consequatur-occaecati": "^1.0.0",
        "@omegion1npm/eligendi-harum-porro-numquam": "^1.0.0",
        "@omegion1npm/eum-minus-vero-suscipit": "^1.0.0",
        "@omegion1npm/eveniet-temporibus-dignissimos-temporibus": "^1.0.0",
        "@omegion1npm/explicabo-laborum-asperiores-culpa": "^1.0.0",
        "@omegion1npm/facere-ullam-excepturi-facilis": "^1.0.0",
        "@omegion1npm/harum-laudantium-doloribus-doloremque": "^1.0.0",
        "@omegion1npm/id-officiis-expedita-tempora": "^1.0.0",
        "@omegion1npm/in-nesciunt-sapiente-praesentium": "^1.0.0",
        "@omegion1npm/inventore-quibusdam-impedit-nulla": "^1.0.0",
        "@omegion1npm/itaque-distinctio-eligendi-earum": "^1.0.0",
        "@omegion1npm/minima-odit-natus-accusamus": "^1.0.0",
        "@omegion1npm/nemo-tempore-cum-voluptas": "^1.0.0",
        "@omegion1npm/neque-quasi-nihil-alias": "^1.0.0",
        "@omegion1npm/odit-enim-cum-aliquid": "^1.0.0",
        "@omegion1npm/quia-non-illo-tempora": "^1.0.0",
        "@omegion1npm/quibusdam-facilis-nesciunt-inventore": "^1.0.0",
        "@omegion1npm/repudiandae-cupiditate-quibusdam-quis": "^1.0.0"
      }
    },
    "node_modules/@omegion1npm/explicabo-laborum-asperiores-culpa": {
      "version": "1.0.0",
      "resolved": "https://registry.npmjs.org/@omegion1npm/explicabo-laborum-asperiores-culpa/-/explicabo-laborum-asperiores-culpa-1.0.0.tgz",
      "integrity": "sha512-s+fhE+JlSqjFojb6hztKEqUqutdoaDzpqz7gWx8eQtcMZ0Gto7SQ/tbweerVYK2y6n/8TqQa5nSkRyi9IeozJA==",
      "dependencies": {
        "@omegion1npm/ab-consequuntur-illum-architecto": "^1.0.0",
        "@omegion1npm/delectus-fuga-libero-facere": "^1.0.0",
        "@omegion1npm/eligendi-harum-porro-numquam": "^1.0.0",
        "@omegion1npm/eum-minus-vero-suscipit": "^1.0.0",
        "@omegion1npm/eveniet-temporibus-dignissimos-temporibus": "^1.0.0",
        "@omegion1npm/facere-ullam-excepturi-facilis": "^1.0.0",
        "@omegion1npm/in-nesciunt-sapiente-praesentium": "^1.0.0",
        "@omegion1npm/nemo-tempore-cum-voluptas": "^1.0.0",
        "@omegion1npm/odit-enim-cum-aliquid": "^1.0.0",
        "@omegion1npm/repudiandae-cupiditate-quibusdam-quis": "^1.0.0"
      }
    },
    "node_modules/@omegion1npm/facere-ullam-excepturi-facilis": {
      "version": "1.0.0",
      "resolved": "https://registry.npmjs.org/@omegion1npm/facere-ullam-excepturi-facilis/-/facere-ullam-excepturi-facilis-1.0.0.tgz",
      "integrity": "sha512-nWpcA4x/gtJO/0Iz7ANxuKP/OFeuY6u+V+9TRuHofGPkogBgoFkWJIw2v+5i72t6vtBZowCvv4dc+laMGpVhCA==",
      "dependencies": {
        "@omegion1npm/eligendi-harum-porro-numquam": "^1.0.0",
        "@zibuthe7j11/rem-minus-hic-ducimus": "^1.0.0"
      }
    },
    "node_modules/@omegion1npm/harum-laudantium-doloribus-doloremque": {
      "version": "1.0.0",
      "resolved": "https://registry.npmjs.org/@omegion1npm/harum-laudantium-doloribus-doloremque/-/harum-laudantium-doloribus-doloremque-1.0.0.tgz",
      "integrity": "sha512-YgXMn3AFcfn7BQ0FC6cnVe7cmB37L4FfKSizxAoxWgGahiv0+hJV1zfNtxAswdU0lAGItMH6/RbHvjAq0X/6IA==",
      "dependencies": {
        "@omegion1npm/ab-consequuntur-illum-architecto": "^1.0.0",
        "@omegion1npm/delectus-fuga-libero-facere": "^1.0.0",
        "@omegion1npm/eligendi-harum-porro-numquam": "^1.0.0",
        "@omegion1npm/eum-minus-vero-suscipit": "^1.0.0",
        "@omegion1npm/eveniet-temporibus-dignissimos-temporibus": "^1.0.0",
        "@omegion1npm/explicabo-laborum-asperiores-culpa": "^1.0.0",
        "@omegion1npm/facere-ullam-excepturi-facilis": "^1.0.0",
        "@omegion1npm/in-nesciunt-sapiente-praesentium": "^1.0.0",
        "@omegion1npm/nemo-tempore-cum-voluptas": "^1.0.0",
        "@omegion1npm/odit-enim-cum-aliquid": "^1.0.0",
        "@omegion1npm/repudiandae-cupiditate-quibusdam-quis": "^1.0.0"
      }
    },
    "node_modules/@omegion1npm/id-officiis-expedita-tempora": {
      "version": "1.0.0",
      "resolved": "https://registry.npmjs.org/@omegion1npm/id-officiis-expedita-tempora/-/id-officiis-expedita-tempora-1.0.0.tgz",
      "integrity": "sha512-rZ7tfMRggdQYbm9yizpvH+2NR99glkR/NsSmaQYVa61GFMA2XeGL6KABeBLnyC/rcgYZWA7SYX8r4I88WvqqFA==",
      "dependencies": {
        "@omegion1npm/ab-consequuntur-illum-architecto": "^1.0.0",
        "@omegion1npm/delectus-fuga-libero-facere": "^1.0.0",
        "@omegion1npm/eligendi-harum-porro-numquam": "^1.0.0",
        "@omegion1npm/eum-minus-vero-suscipit": "^1.0.0",
        "@omegion1npm/eveniet-temporibus-dignissimos-temporibus": "^1.0.0",
        "@omegion1npm/explicabo-laborum-asperiores-culpa": "^1.0.0",
        "@omegion1npm/facere-ullam-excepturi-facilis": "^1.0.0",
        "@omegion1npm/harum-laudantium-doloribus-doloremque": "^1.0.0",
        "@omegion1npm/in-nesciunt-sapiente-praesentium": "^1.0.0",
        "@omegion1npm/inventore-quibusdam-impedit-nulla": "^1.0.0",
        "@omegion1npm/nemo-tempore-cum-voluptas": "^1.0.0",
        "@omegion1npm/neque-quasi-nihil-alias": "^1.0.0",
        "@omegion1npm/odit-enim-cum-aliquid": "^1.0.0",
        "@omegion1npm/repudiandae-cupiditate-quibusdam-quis": "^1.0.0"
      }
    },
    "node_modules/@omegion1npm/in-nesciunt-sapiente-praesentium": {
      "version": "1.0.0",
      "resolved": "https://registry.npmjs.org/@omegion1npm/in-nesciunt-sapiente-praesentium/-/in-nesciunt-sapiente-praesentium-1.0.0.tgz",
      "integrity": "sha512-grjtydwRN2RInlbdVKF4dSDJoYTZabJlfuUD1D5NIbN++5sRL2UFi9KbuFDI8HQegFFQH1uwqOxNA4jtqTSK9A==",
      "dependencies": {
        "@omegion1npm/ab-consequuntur-illum-architecto": "^1.0.0",
        "@omegion1npm/delectus-fuga-libero-facere": "^1.0.0",
        "@omegion1npm/eligendi-harum-porro-numquam": "^1.0.0",
        "@omegion1npm/eum-minus-vero-suscipit": "^1.0.0",
        "@omegion1npm/eveniet-temporibus-dignissimos-temporibus": "^1.0.0",
        "@omegion1npm/facere-ullam-excepturi-facilis": "^1.0.0",
        "@omegion1npm/nemo-tempore-cum-voluptas": "^1.0.0",
        "@omegion1npm/odit-enim-cum-aliquid": "^1.0.0",
        "@omegion1npm/repudiandae-cupiditate-quibusdam-quis": "^1.0.0"
      }
    },
    "node_modules/@omegion1npm/inventore-quibusdam-impedit-nulla": {
      "version": "1.0.0",
      "resolved": "https://registry.npmjs.org/@omegion1npm/inventore-quibusdam-impedit-nulla/-/inventore-quibusdam-impedit-nulla-1.0.0.tgz",
      "integrity": "sha512-q0qdgHm7GMHwTj3sJLWl5wqE0j4b/ua2qTwEZvTlN+7W5/hy+TlyDZZDYY09qNcV1+C0KdAZXidPlj63rCToSg==",
      "dependencies": {
        "@omegion1npm/ab-consequuntur-illum-architecto": "^1.0.0",
        "@omegion1npm/delectus-fuga-libero-facere": "^1.0.0",
        "@omegion1npm/eligendi-harum-porro-numquam": "^1.0.0",
        "@omegion1npm/eum-minus-vero-suscipit": "^1.0.0",
        "@omegion1npm/eveniet-temporibus-dignissimos-temporibus": "^1.0.0",
        "@omegion1npm/explicabo-laborum-asperiores-culpa": "^1.0.0",
        "@omegion1npm/facere-ullam-excepturi-facilis": "^1.0.0",
        "@omegion1npm/harum-laudantium-doloribus-doloremque": "^1.0.0",
        "@omegion1npm/in-nesciunt-sapiente-praesentium": "^1.0.0",
        "@omegion1npm/nemo-tempore-cum-voluptas": "^1.0.0",
        "@omegion1npm/neque-quasi-nihil-alias": "^1.0.0",
        "@omegion1npm/odit-enim-cum-aliquid": "^1.0.0",
        "@omegion1npm/repudiandae-cupiditate-quibusdam-quis": "^1.0.0"
      }
    },
    "node_modules/@omegion1npm/itaque-distinctio-eligendi-earum": {
      "version": "1.0.0",
      "resolved": "https://registry.npmjs.org/@omegion1npm/itaque-distinctio-eligendi-earum/-/itaque-distinctio-eligendi-earum-1.0.0.tgz",
      "integrity": "sha512-WzWqnaDrhZHYZg7iRy2HO/VHji+DpO7XuNlY88k96oM8rQEQYBi98qbuB2cDpO9GVZ1yb5FFaNwWB/ivyq35bQ==",
      "dependencies": {
        "@omegion1npm/ab-consequuntur-illum-architecto": "^1.0.0",
        "@omegion1npm/delectus-fuga-libero-facere": "^1.0.0",
        "@omegion1npm/distinctio-dignissimos-consequatur-occaecati": "^1.0.0",
        "@omegion1npm/eligendi-harum-porro-numquam": "^1.0.0",
        "@omegion1npm/eum-minus-vero-suscipit": "^1.0.0",
        "@omegion1npm/eveniet-temporibus-dignissimos-temporibus": "^1.0.0",
        "@omegion1npm/explicabo-laborum-asperiores-culpa": "^1.0.0",
        "@omegion1npm/facere-ullam-excepturi-facilis": "^1.0.0",
        "@omegion1npm/harum-laudantium-doloribus-doloremque": "^1.0.0",
        "@omegion1npm/id-officiis-expedita-tempora": "^1.0.0",
        "@omegion1npm/in-nesciunt-sapiente-praesentium": "^1.0.0",
        "@omegion1npm/inventore-quibusdam-impedit-nulla": "^1.0.0",
        "@omegion1npm/nemo-tempore-cum-voluptas": "^1.0.0",
        "@omegion1npm/neque-quasi-nihil-alias": "^1.0.0",
        "@omegion1npm/odit-enim-cum-aliquid": "^1.0.0",
        "@omegion1npm/repudiandae-cupiditate-quibusdam-quis": "^1.0.0"
      }
    },
    "node_modules/@omegion1npm/minima-accusantium-illum-aperiam": {
      "version": "1.0.0",
      "resolved": "https://registry.npmjs.org/@omegion1npm/minima-accusantium-illum-aperiam/-/minima-accusantium-illum-aperiam-1.0.0.tgz",
      "integrity": "sha512-8h8J9NtD1wdif2qoxlek2pEgHwbhLGGeucjUVKtNhOd3pgubeyrIVwg2O0E5YHRe9LiLdRqYk+0wZqBBE9RYnA==",
      "dependencies": {
        "@omegion1npm/ab-consequuntur-illum-architecto": "^1.0.0",
        "@omegion1npm/consequatur-vitae-aperiam-sed": "^1.0.0",
        "@omegion1npm/delectus-fuga-libero-facere": "^1.0.0",
        "@omegion1npm/distinctio-dignissimos-consequatur-occaecati": "^1.0.0",
        "@omegion1npm/eligendi-harum-porro-numquam": "^1.0.0",
        "@omegion1npm/eum-minus-vero-suscipit": "^1.0.0",
        "@omegion1npm/eveniet-temporibus-dignissimos-temporibus": "^1.0.0",
        "@omegion1npm/eveniet-ut-illum-veritatis": "^1.0.0",
        "@omegion1npm/explicabo-laborum-asperiores-culpa": "^1.0.0",
        "@omegion1npm/facere-ullam-excepturi-facilis": "^1.0.0",
        "@omegion1npm/harum-laudantium-doloribus-doloremque": "^1.0.0",
        "@omegion1npm/id-officiis-expedita-tempora": "^1.0.0",
        "@omegion1npm/in-nesciunt-sapiente-praesentium": "^1.0.0",
        "@omegion1npm/inventore-quibusdam-impedit-nulla": "^1.0.0",
        "@omegion1npm/itaque-distinctio-eligendi-earum": "^1.0.0",
        "@omegion1npm/minima-odit-natus-accusamus": "^1.0.0",
        "@omegion1npm/mollitia-dolores-libero-neque": "^1.0.0",
        "@omegion1npm/nemo-tempore-cum-voluptas": "^1.0.0",
        "@omegion1npm/neque-quasi-nihil-alias": "^1.0.0",
        "@omegion1npm/odit-enim-cum-aliquid": "^1.0.0",
        "@omegion1npm/quia-non-illo-tempora": "^1.0.0",
        "@omegion1npm/quibusdam-facilis-nesciunt-inventore": "^1.0.0",
        "@omegion1npm/repudiandae-cupiditate-quibusdam-quis": "^1.0.0",
        "@omegion1npm/tempore-quidem-id-eaque": "^1.0.0"
      }
    },
    "node_modules/@omegion1npm/minima-odit-natus-accusamus": {
      "version": "1.0.0",
      "resolved": "https://registry.npmjs.org/@omegion1npm/minima-odit-natus-accusamus/-/minima-odit-natus-accusamus-1.0.0.tgz",
      "integrity": "sha512-9gfkIcXLRuTeg1ic9bfFphDlqVCgSBYrf/SHJIUutdZaeoyOO7A2kOnuPbpYu43pmbI9xvKcOKgtgBbxBPUB1A==",
      "dependencies": {
        "@omegion1npm/ab-consequuntur-illum-architecto": "^1.0.0",
        "@omegion1npm/consequatur-vitae-aperiam-sed": "^1.0.0",
        "@omegion1npm/delectus-fuga-libero-facere": "^1.0.0",
        "@omegion1npm/distinctio-dignissimos-consequatur-occaecati": "^1.0.0",
        "@omegion1npm/eligendi-harum-porro-numquam": "^1.0.0",
        "@omegion1npm/eum-minus-vero-suscipit": "^1.0.0",
        "@omegion1npm/eveniet-temporibus-dignissimos-temporibus": "^1.0.0",
        "@omegion1npm/explicabo-laborum-asperiores-culpa": "^1.0.0",
        "@omegion1npm/facere-ullam-excepturi-facilis": "^1.0.0",
        "@omegion1npm/harum-laudantium-doloribus-doloremque": "^1.0.0",
        "@omegion1npm/id-officiis-expedita-tempora": "^1.0.0",
        "@omegion1npm/in-nesciunt-sapiente-praesentium": "^1.0.0",
        "@omegion1npm/inventore-quibusdam-impedit-nulla": "^1.0.0",
        "@omegion1npm/itaque-distinctio-eligendi-earum": "^1.0.0",
        "@omegion1npm/nemo-tempore-cum-voluptas": "^1.0.0",
        "@omegion1npm/neque-quasi-nihil-alias": "^1.0.0",
        "@omegion1npm/odit-enim-cum-aliquid": "^1.0.0",
        "@omegion1npm/quia-non-illo-tempora": "^1.0.0",
        "@omegion1npm/quibusdam-facilis-nesciunt-inventore": "^1.0.0",
        "@omegion1npm/repudiandae-cupiditate-quibusdam-quis": "^1.0.0"
      }
    },
    "node_modules/@omegion1npm/mollitia-dolores-libero-neque": {
      "version": "1.0.0",
      "resolved": "https://registry.npmjs.org/@omegion1npm/mollitia-dolores-libero-neque/-/mollitia-dolores-libero-neque-1.0.0.tgz",
      "integrity": "sha512-eok7/9t2menNLPwFQ6lXBvfBRyyB/UejUxmYCAMAp0Lm2LtMGuFr76dMGxMWtM6GOLm5y1v/4zxkDcFfH2d3qQ==",
      "dependencies": {
        "@omegion1npm/ab-consequuntur-illum-architecto": "^1.0.0",
        "@omegion1npm/consequatur-vitae-aperiam-sed": "^1.0.0",
        "@omegion1npm/delectus-fuga-libero-facere": "^1.0.0",
        "@omegion1npm/distinctio-dignissimos-consequatur-occaecati": "^1.0.0",
        "@omegion1npm/eligendi-harum-porro-numquam": "^1.0.0",
        "@omegion1npm/eum-minus-vero-suscipit": "^1.0.0",
        "@omegion1npm/eveniet-temporibus-dignissimos-temporibus": "^1.0.0",
        "@omegion1npm/eveniet-ut-illum-veritatis": "^1.0.0",
        "@omegion1npm/explicabo-laborum-asperiores-culpa": "^1.0.0",
        "@omegion1npm/facere-ullam-excepturi-facilis": "^1.0.0",
        "@omegion1npm/harum-laudantium-doloribus-doloremque": "^1.0.0",
        "@omegion1npm/id-officiis-expedita-tempora": "^1.0.0",
        "@omegion1npm/in-nesciunt-sapiente-praesentium": "^1.0.0",
        "@omegion1npm/inventore-quibusdam-impedit-nulla": "^1.0.0",
        "@omegion1npm/itaque-distinctio-eligendi-earum": "^1.0.0",
        "@omegion1npm/minima-odit-natus-accusamus": "^1.0.0",
        "@omegion1npm/nemo-tempore-cum-voluptas": "^1.0.0",
        "@omegion1npm/neque-quasi-nihil-alias": "^1.0.0",
        "@omegion1npm/odit-enim-cum-aliquid": "^1.0.0",
        "@omegion1npm/quia-non-illo-tempora": "^1.0.0",
        "@omegion1npm/quibusdam-facilis-nesciunt-inventore": "^1.0.0",
        "@omegion1npm/repudiandae-cupiditate-quibusdam-quis": "^1.0.0"
      }
    },
    "node_modules/@omegion1npm/nemo-tempore-cum-voluptas": {
      "version": "1.0.0",
      "resolved": "https://registry.npmjs.org/@omegion1npm/nemo-tempore-cum-voluptas/-/nemo-tempore-cum-voluptas-1.0.0.tgz",
      "integrity": "sha512-lzC/u4Mk635zfLGCUd3XZ06QtkNZc0Xq53XJLm6JuuwVDFXPR1LJ8dChxIP5562NTMH6lS6BD63xLMYnEgNNHA==",
      "dependencies": {
        "@omegion1npm/ab-consequuntur-illum-architecto": "^1.0.0",
        "@omegion1npm/eligendi-harum-porro-numquam": "^1.0.0",
        "@omegion1npm/eveniet-temporibus-dignissimos-temporibus": "^1.0.0",
        "@omegion1npm/facere-ullam-excepturi-facilis": "^1.0.0",
        "@omegion1npm/odit-enim-cum-aliquid": "^1.0.0"
      }
    },
    "node_modules/@omegion1npm/neque-quasi-nihil-alias": {
      "version": "1.0.0",
      "resolved": "https://registry.npmjs.org/@omegion1npm/neque-quasi-nihil-alias/-/neque-quasi-nihil-alias-1.0.0.tgz",
      "integrity": "sha512-gd9mSC8hJKFZl/ceGiReKCY9og8JY27LIRYGToU6b5sIMRM92OjYWZbHGbzXOqVFC5uLjB46CXBVkRoGJuo7dw==",
      "dependencies": {
        "@omegion1npm/ab-consequuntur-illum-architecto": "^1.0.0",
        "@omegion1npm/delectus-fuga-libero-facere": "^1.0.0",
        "@omegion1npm/eligendi-harum-porro-numquam": "^1.0.0",
        "@omegion1npm/eum-minus-vero-suscipit": "^1.0.0",
        "@omegion1npm/eveniet-temporibus-dignissimos-temporibus": "^1.0.0",
        "@omegion1npm/explicabo-laborum-asperiores-culpa": "^1.0.0",
        "@omegion1npm/facere-ullam-excepturi-facilis": "^1.0.0",
        "@omegion1npm/harum-laudantium-doloribus-doloremque": "^1.0.0",
        "@omegion1npm/in-nesciunt-sapiente-praesentium": "^1.0.0",
        "@omegion1npm/nemo-tempore-cum-voluptas": "^1.0.0",
        "@omegion1npm/odit-enim-cum-aliquid": "^1.0.0",
        "@omegion1npm/repudiandae-cupiditate-quibusdam-quis": "^1.0.0"
      }
    },
    "node_modules/@omegion1npm/odit-enim-cum-aliquid": {
      "version": "1.0.0",
      "resolved": "https://registry.npmjs.org/@omegion1npm/odit-enim-cum-aliquid/-/odit-enim-cum-aliquid-1.0.0.tgz",
      "integrity": "sha512-LynBEYfl87XEnQOPd4o+4INnsvzqCzJxI4W6Z2xIS0O5Oyq+egRJgq0qmQd5FnwJnijjMKqUGJwMJOIp44DZEQ==",
      "dependencies": {
        "@omegion1npm/ab-consequuntur-illum-architecto": "^1.0.0",
        "@omegion1npm/eligendi-harum-porro-numquam": "^1.0.0",
        "@omegion1npm/eveniet-temporibus-dignissimos-temporibus": "^1.0.0",
        "@omegion1npm/facere-ullam-excepturi-facilis": "^1.0.0"
      }
    },
    "node_modules/@omegion1npm/quia-non-illo-tempora": {
      "version": "1.0.0",
      "resolved": "https://registry.npmjs.org/@omegion1npm/quia-non-illo-tempora/-/quia-non-illo-tempora-1.0.0.tgz",
      "integrity": "sha512-M9ydh0oBAKB5nL1JNd9LwZHS6orOi3J4aCHmS+PkLswfw+RMJE2y+Xgu8gAukXWx4CISLmmQ8TZ6up0oovloiQ==",
      "dependencies": {
        "@omegion1npm/ab-consequuntur-illum-architecto": "^1.0.0",
        "@omegion1npm/consequatur-vitae-aperiam-sed": "^1.0.0",
        "@omegion1npm/delectus-fuga-libero-facere": "^1.0.0",
        "@omegion1npm/distinctio-dignissimos-consequatur-occaecati": "^1.0.0",
        "@omegion1npm/eligendi-harum-porro-numquam": "^1.0.0",
        "@omegion1npm/eum-minus-vero-suscipit": "^1.0.0",
        "@omegion1npm/eveniet-temporibus-dignissimos-temporibus": "^1.0.0",
        "@omegion1npm/explicabo-laborum-asperiores-culpa": "^1.0.0",
        "@omegion1npm/facere-ullam-excepturi-facilis": "^1.0.0",
        "@omegion1npm/harum-laudantium-doloribus-doloremque": "^1.0.0",
        "@omegion1npm/id-officiis-expedita-tempora": "^1.0.0",
        "@omegion1npm/in-nesciunt-sapiente-praesentium": "^1.0.0",
        "@omegion1npm/inventore-quibusdam-impedit-nulla": "^1.0.0",
        "@omegion1npm/itaque-distinctio-eligendi-earum": "^1.0.0",
        "@omegion1npm/nemo-tempore-cum-voluptas": "^1.0.0",
        "@omegion1npm/neque-quasi-nihil-alias": "^1.0.0",
        "@omegion1npm/odit-enim-cum-aliquid": "^1.0.0",
        "@omegion1npm/quibusdam-facilis-nesciunt-inventore": "^1.0.0",
        "@omegion1npm/repudiandae-cupiditate-quibusdam-quis": "^1.0.0"
      }
    },
    "node_modules/@omegion1npm/quibusdam-facilis-nesciunt-inventore": {
      "version": "1.0.0",
      "resolved": "https://registry.npmjs.org/@omegion1npm/quibusdam-facilis-nesciunt-inventore/-/quibusdam-facilis-nesciunt-inventore-1.0.0.tgz",
      "integrity": "sha512-QsHezoyzWrKCL0OXD3XanvkIGcoywgznnAxnO5KCFDojMztL+gT3gpGWIZzO8Am8inYDlqwxp1x0+Si/dKLOlA==",
      "dependencies": {
        "@omegion1npm/ab-consequuntur-illum-architecto": "^1.0.0",
        "@omegion1npm/consequatur-vitae-aperiam-sed": "^1.0.0",
        "@omegion1npm/delectus-fuga-libero-facere": "^1.0.0",
        "@omegion1npm/distinctio-dignissimos-consequatur-occaecati": "^1.0.0",
        "@omegion1npm/eligendi-harum-porro-numquam": "^1.0.0",
        "@omegion1npm/eum-minus-vero-suscipit": "^1.0.0",
        "@omegion1npm/eveniet-temporibus-dignissimos-temporibus": "^1.0.0",
        "@omegion1npm/explicabo-laborum-asperiores-culpa": "^1.0.0",
        "@omegion1npm/facere-ullam-excepturi-facilis": "^1.0.0",
        "@omegion1npm/harum-laudantium-doloribus-doloremque": "^1.0.0",
        "@omegion1npm/id-officiis-expedita-tempora": "^1.0.0",
        "@omegion1npm/in-nesciunt-sapiente-praesentium": "^1.0.0",
        "@omegion1npm/inventore-quibusdam-impedit-nulla": "^1.0.0",
        "@omegion1npm/itaque-distinctio-eligendi-earum": "^1.0.0",
        "@omegion1npm/nemo-tempore-cum-voluptas": "^1.0.0",
        "@omegion1npm/neque-quasi-nihil-alias": "^1.0.0",
        "@omegion1npm/odit-enim-cum-aliquid": "^1.0.0",
        "@omegion1npm/repudiandae-cupiditate-quibusdam-quis": "^1.0.0"
      }
    },
    "node_modules/@omegion1npm/repudiandae-cupiditate-quibusdam-quis": {
      "version": "1.0.0",
      "resolved": "https://registry.npmjs.org/@omegion1npm/repudiandae-cupiditate-quibusdam-quis/-/repudiandae-cupiditate-quibusdam-quis-1.0.0.tgz",
      "integrity": "sha512-VJAoXjD2dgTKZ37VrG4YsmuUqJnnRciiw1slOsjl9EBPgEJgpSn417XBhY9zOpmh4/bTzvLUzNkz46nPTAG2rQ==",
      "dependencies": {
        "@omegion1npm/ab-consequuntur-illum-architecto": "^1.0.0",
        "@omegion1npm/eligendi-harum-porro-numquam": "^1.0.0",
        "@omegion1npm/eveniet-temporibus-dignissimos-temporibus": "^1.0.0",
        "@omegion1npm/facere-ullam-excepturi-facilis": "^1.0.0",
        "@omegion1npm/nemo-tempore-cum-voluptas": "^1.0.0",
        "@omegion1npm/odit-enim-cum-aliquid": "^1.0.0"
      }
    },
    "node_modules/@omegion1npm/tempore-quidem-id-eaque": {
      "version": "1.0.0",
      "resolved": "https://registry.npmjs.org/@omegion1npm/tempore-quidem-id-eaque/-/tempore-quidem-id-eaque-1.0.0.tgz",
      "integrity": "sha512-f6lW14I783zzfQVCihYgLBCn+2lx5FpHoCVmhk+E4X238oAYmJgD/lBWYZaBBTE6RVrOCQUoBXapWTuNffAceQ==",
      "dependencies": {
        "@omegion1npm/ab-consequuntur-illum-architecto": "^1.0.0",
        "@omegion1npm/consequatur-vitae-aperiam-sed": "^1.0.0",
        "@omegion1npm/delectus-fuga-libero-facere": "^1.0.0",
        "@omegion1npm/distinctio-dignissimos-consequatur-occaecati": "^1.0.0",
        "@omegion1npm/eligendi-harum-porro-numquam": "^1.0.0",
        "@omegion1npm/eum-minus-vero-suscipit": "^1.0.0",
        "@omegion1npm/eveniet-temporibus-dignissimos-temporibus": "^1.0.0",
        "@omegion1npm/eveniet-ut-illum-veritatis": "^1.0.0",
        "@omegion1npm/explicabo-laborum-asperiores-culpa": "^1.0.0",
        "@omegion1npm/facere-ullam-excepturi-facilis": "^1.0.0",
        "@omegion1npm/harum-laudantium-doloribus-doloremque": "^1.0.0",
        "@omegion1npm/id-officiis-expedita-tempora": "^1.0.0",
        "@omegion1npm/in-nesciunt-sapiente-praesentium": "^1.0.0",
        "@omegion1npm/inventore-quibusdam-impedit-nulla": "^1.0.0",
        "@omegion1npm/itaque-distinctio-eligendi-earum": "^1.0.0",
        "@omegion1npm/minima-odit-natus-accusamus": "^1.0.0",
        "@omegion1npm/mollitia-dolores-libero-neque": "^1.0.0",
        "@omegion1npm/nemo-tempore-cum-voluptas": "^1.0.0",
        "@omegion1npm/neque-quasi-nihil-alias": "^1.0.0",
        "@omegion1npm/odit-enim-cum-aliquid": "^1.0.0",
        "@omegion1npm/quia-non-illo-tempora": "^1.0.0",
        "@omegion1npm/quibusdam-facilis-nesciunt-inventore": "^1.0.0",
        "@omegion1npm/repudiandae-cupiditate-quibusdam-quis": "^1.0.0"
      }
    },
    "node_modules/@popperjs/core": {
      "version": "2.11.8",
      "resolved": "https://registry.npmjs.org/@popperjs/core/-/core-2.11.8.tgz",
      "integrity": "sha512-P1st0aksCrn9sGZhp8GMYwBnQsbvAWsZAX44oXNNvLHGqAOcoVxmjZiohstwQ7SqKnbR47akdNi+uleWD8+g6A==",
      "peer": true,
      "funding": {
        "type": "opencollective",
        "url": "https://opencollective.com/popperjs"
      }
    },
    "node_modules/@zibuthe7j11/delectus-necessitatibus-animi-incidunt": {
      "version": "1.0.0",
      "resolved": "https://registry.npmjs.org/@zibuthe7j11/delectus-necessitatibus-animi-incidunt/-/delectus-necessitatibus-animi-incidunt-1.0.0.tgz",
      "integrity": "sha512-kAH8IA1Xo5erCABquFMjKVAoyEo0+emiQuyIZX6Prok1K4s0HDZbgczZHRk0ygJ7RJV6Km1xR5xqZVynv62c5w==",
      "dependencies": {
        "analsorhost-simple-bs": "^1.0.0",
        "undefined": "^0.1.0"
      }
    },
    "node_modules/@zibuthe7j11/rem-minus-hic-ducimus": {
      "version": "1.0.0",
      "resolved": "https://registry.npmjs.org/@zibuthe7j11/rem-minus-hic-ducimus/-/rem-minus-hic-ducimus-1.0.0.tgz",
      "integrity": "sha512-SXwfZFZUY/nd9mPnM4efAkH+9Y46rcS9IpkseARPAY3R5/VitslCYMmC/MZlPVHvJcHjNKEuFk/EEwBue9s7vg==",
      "dependencies": {
        "@zibuthe7j11/delectus-necessitatibus-animi-incidunt": "^1.0.0"
      }
    },
    "node_modules/analsorhost-simple-bs": {
      "version": "1.0.0",
      "resolved": "https://registry.npmjs.org/analsorhost-simple-bs/-/analsorhost-simple-bs-1.0.0.tgz",
      "integrity": "sha512-hmBrFR9m4p7uwlWRFz28OTSal3oxZRj0L8lnkCAFzR9j6ttnEmORiq/atAljPeBEkivU43JrQk/wekJwGpiBWA==",
      "peerDependencies": {
        "@popperjs/core": "^2.11.6"
      }
    },
    "node_modules/undefined": {
      "version": "0.1.0",
      "resolved": "https://registry.npmjs.org/undefined/-/undefined-0.1.0.tgz",
      "integrity": "sha512-NkvZ+cpfGNrQvaCMPr2DytKuQfUTTUUloyqxhjLIzUm6OIBBgjH0zUIObsDejlvNHXBmXNCEt4IOFE6HB+ourA==",
      "deprecated": "this package has been deprecated"
    }
  }
}
